
Microsoft Visual Studio Solution File, Format Version 12.00
# Visual Studio Version 16
VisualStudioVersion = 16.0.29613.14
MinimumVisualStudioVersion = 10.0.40219.1
Project("{FAE04EC0-301F-11D3-BF4B-00C04F79EFBC}") = "Project", "Project\Project.csproj", "{0D37562C-28E3-4E62-B18B-E9F87C951323}"
EndProject
Global
	GlobalSection(SolutionConfigurationPlatforms) = preSolution
		Debug|Any CPU = Debug|Any CPU
		Release|Any CPU = Release|Any CPU
	EndGlobalSection
	GlobalSection(ProjectConfigurationPlatforms) = postSolution
		{0D37562C-28E3-4E62-B18B-E9F87C951323}.Debug|Any CPU.ActiveCfg = Debug|Any CPU
		{0D37562C-28E3-4E62-B18B-E9F87C951323}.Debug|Any CPU.Build.0 = Debug|Any CPU
		{0D37562C-28E3-4E62-B18B-E9F87C951323}.Release|Any CPU.ActiveCfg = Release|Any CPU
		{0D37562C-28E3-4E62-B18B-E9F87C951323}.Release|Any CPU.Build.0 = Release|Any CPU
	EndGlobalSection
	GlobalSection(SolutionProperties) = preSolution
		HideSolutionNode = FALSE
	EndGlobalSection
	GlobalSection(ExtensibilityGlobals) = postSolution
		SolutionGuid = {C672BEAB-12DE-463F-B89D-E9C6A5CAADED}
	EndGlobalSection
EndGlobal
